
Microsoft Visual Studio Solution File, Format Version 12.00
# Visual Studio Version 16
VisualStudioVersion = 16.0.30011.22
MinimumVisualStudioVersion = 10.0.40219.1
Project("{FAE04EC0-301F-11D3-BF4B-00C04F79EFBC}") = "Unit Test Activity", "Unit Test Activity\Unit Test Activity.csproj", "{77FC50D0-4235-4F05-A67D-AB94A78AE3CC}"
EndProject
Project("{FAE04EC0-301F-11D3-BF4B-00C04F79EFBC}") = "XUnitTestProject1", "XUnitTestProject1\XUnitTestProject1.csproj", "{715CB319-FC92-4050-A075-7858A2DFB140}"
EndProject
Global
	GlobalSection(SolutionConfigurationPlatforms) = preSolution
		Debug|Any CPU = Debug|Any CPU
		Release|Any CPU = Release|Any CPU
	EndGlobalSection
	GlobalSection(ProjectConfigurationPlatforms) = postSolution
		{77FC50D0-4235-4F05-A67D-AB94A78AE3CC}.Debug|Any CPU.ActiveCfg = Debug|Any CPU
		{77FC50D0-4235-4F05-A67D-AB94A78AE3CC}.Debug|Any CPU.Build.0 = Debug|Any CPU
		{77FC50D0-4235-4F05-A67D-AB94A78AE3CC}.Release|Any CPU.ActiveCfg = Release|Any CPU
		{77FC50D0-4235-4F05-A67D-AB94A78AE3CC}.Release|Any CPU.Build.0 = Release|Any CPU
		{715CB319-FC92-4050-A075-7858A2DFB140}.Debug|Any CPU.ActiveCfg = Debug|Any CPU
		{715CB319-FC92-4050-A075-7858A2DFB140}.Debug|Any CPU.Build.0 = Debug|Any CPU
		{715CB319-FC92-4050-A075-7858A2DFB140}.Release|Any CPU.ActiveCfg = Release|Any CPU
		{715CB319-FC92-4050-A075-7858A2DFB140}.Release|Any CPU.Build.0 = Release|Any CPU
	EndGlobalSection
	GlobalSection(SolutionProperties) = preSolution
		HideSolutionNode = FALSE
	EndGlobalSection
	GlobalSection(ExtensibilityGlobals) = postSolution
		SolutionGuid = {309084FD-1308-4CFF-8E87-6E06696E908E}
	EndGlobalSection
EndGlobal
